
Microsoft Visual Studio Solution File, Format Version 12.00
# Visual Studio 14
VisualStudioVersion = 14.0.24720.0
MinimumVisualStudioVersion = 10.0.40219.1
Project("{FAE04EC0-301F-11D3-BF4B-00C04F79EFBC}") = "BeholderGIS", "BeholderGIS\BeholderGIS.csproj", "{AAEE3609-345C-43A5-BBDD-D8FCE5B4204C}"
EndProject
Project("{FAE04EC0-301F-11D3-BF4B-00C04F79EFBC}") = "Domain", "Domain\Domain.csproj", "{8E4807BE-A132-4543-A01D-682A7BAFBB18}"
EndProject
Global
	GlobalSection(SolutionConfigurationPlatforms) = preSolution
		Debug|Any CPU = Debug|Any CPU
		Release|Any CPU = Release|Any CPU
	EndGlobalSection
	GlobalSection(ProjectConfigurationPlatforms) = postSolution
		{AAEE3609-345C-43A5-BBDD-D8FCE5B4204C}.Debug|Any CPU.ActiveCfg = Debug|Any CPU
		{AAEE3609-345C-43A5-BBDD-D8FCE5B4204C}.Debug|Any CPU.Build.0 = Debug|Any CPU
		{AAEE3609-345C-43A5-BBDD-D8FCE5B4204C}.Release|Any CPU.ActiveCfg = Release|Any CPU
		{AAEE3609-345C-43A5-BBDD-D8FCE5B4204C}.Release|Any CPU.Build.0 = Release|Any CPU
		{8E4807BE-A132-4543-A01D-682A7BAFBB18}.Debug|Any CPU.ActiveCfg = Debug|Any CPU
		{8E4807BE-A132-4543-A01D-682A7BAFBB18}.Debug|Any CPU.Build.0 = Debug|Any CPU
		{8E4807BE-A132-4543-A01D-682A7BAFBB18}.Release|Any CPU.ActiveCfg = Release|Any CPU
		{8E4807BE-A132-4543-A01D-682A7BAFBB18}.Release|Any CPU.Build.0 = Release|Any CPU
	EndGlobalSection
	GlobalSection(SolutionProperties) = preSolution
		HideSolutionNode = FALSE
	EndGlobalSection
EndGlobal
